
Microsoft Visual Studio Solution File, Format Version 12.00
# Visual Studio Version 16
VisualStudioVersion = 16.0.30717.126
MinimumVisualStudioVersion = 10.0.40219.1
Project("{FAE04EC0-301F-11D3-BF4B-00C04F79EFBC}") = "DynamicTypes", "TypeGenerator\DynamicTypes.csproj", "{2FB81DAD-8CCF-4334-9EA1-9C716F90F284}"
EndProject
Global
	GlobalSection(SolutionConfigurationPlatforms) = preSolution
		Debug|Any CPU = Debug|Any CPU
		Release|Any CPU = Release|Any CPU
	EndGlobalSection
	GlobalSection(ProjectConfigurationPlatforms) = postSolution
		{2FB81DAD-8CCF-4334-9EA1-9C716F90F284}.Debug|Any CPU.ActiveCfg = Debug|Any CPU
		{2FB81DAD-8CCF-4334-9EA1-9C716F90F284}.Debug|Any CPU.Build.0 = Debug|Any CPU
		{2FB81DAD-8CCF-4334-9EA1-9C716F90F284}.Release|Any CPU.ActiveCfg = Release|Any CPU
		{2FB81DAD-8CCF-4334-9EA1-9C716F90F284}.Release|Any CPU.Build.0 = Release|Any CPU
	EndGlobalSection
	GlobalSection(SolutionProperties) = preSolution
		HideSolutionNode = FALSE
	EndGlobalSection
	GlobalSection(ExtensibilityGlobals) = postSolution
		SolutionGuid = {CB6682D5-699E-408D-9E6A-F346F92EEB6D}
	EndGlobalSection
EndGlobal
